
Microsoft Visual Studio Solution File, Format Version 12.00
# Visual Studio Version 16
VisualStudioVersion = 16.0.30406.217
MinimumVisualStudioVersion = 10.0.40219.1
Project("{FAE04EC0-301F-11D3-BF4B-00C04F79EFBC}") = "FinsembleFDC3", "FinsembleFDC3\FinsembleFDC3.csproj", "{0D740DDD-FE2F-4DF3-8626-3CD174F1C306}"
EndProject
Global
	GlobalSection(SolutionConfigurationPlatforms) = preSolution
		Debug|Any CPU = Debug|Any CPU
		Release|Any CPU = Release|Any CPU
	EndGlobalSection
	GlobalSection(ProjectConfigurationPlatforms) = postSolution
		{0D740DDD-FE2F-4DF3-8626-3CD174F1C306}.Debug|Any CPU.ActiveCfg = Debug|Any CPU
		{0D740DDD-FE2F-4DF3-8626-3CD174F1C306}.Debug|Any CPU.Build.0 = Debug|Any CPU
		{0D740DDD-FE2F-4DF3-8626-3CD174F1C306}.Release|Any CPU.ActiveCfg = Release|Any CPU
		{0D740DDD-FE2F-4DF3-8626-3CD174F1C306}.Release|Any CPU.Build.0 = Release|Any CPU
	EndGlobalSection
	GlobalSection(SolutionProperties) = preSolution
		HideSolutionNode = FALSE
	EndGlobalSection
	GlobalSection(ExtensibilityGlobals) = postSolution
		SolutionGuid = {AC5CD5F8-3BAD-4C44-88B9-2046F34B3E28}
	EndGlobalSection
EndGlobal
